{
  "lockfile_version": "1",
  "packages": {
    "bat@0.24.0": {
      "last_modified": "2024-03-08T13:51:52Z",
      "resolved": "github:NixOS/nixpkgs/a343533bccc62400e8a9560423486a3b6c11a23b#bat",
      "source": "devbox-search",
      "version": "0.24.0",
      "systems": {
        "aarch64-darwin": {
          "outputs": [
            {
              "name": "out",
              "path": "/nix/store/5s57aj38mfvrsxq05sq66np7hd4xj6h0-bat-0.24.0",
              "default": true
            }
          ],
          "store_path": "/nix/store/5s57aj38mfvrsxq05sq66np7hd4xj6h0-bat-0.24.0"
        },
        "aarch64-linux": {
          "outputs": [
            {
              "name": "out",
              "path": "/nix/store/38p25xcd47qzjrwl0bd53yqrrmfmn4h4-bat-0.24.0",
              "default": true
            }
          ],
          "store_path": "/nix/store/38p25xcd47qzjrwl0bd53yqrrmfmn4h4-bat-0.24.0"
        },
        "x86_64-darwin": {
          "outputs": [
            {
              "name": "out",
              "path": "/nix/store/9m0yzcaiy23q58s9bl6i0hl4x9lfa938-bat-0.24.0",
              "default": true
            }
          ],
          "store_path": "/nix/store/9m0yzcaiy23q58s9bl6i0hl4x9lfa938-bat-0.24.0"
        },
        "x86_64-linux": {
          "outputs": [
            {
              "name": "out",
              "path": "/nix/store/nd2qinkas2r5q5l9vkwfrixi99ckpxfz-bat-0.24.0",
              "default": true
            }
          ],
          "store_path": "/nix/store/nd2qinkas2r5q5l9vkwfrixi99ckpxfz-bat-0.24.0"
        }
      }
    },
    "kind@0.22.0": {
      "last_modified": "2024-03-08T13:51:52Z",
      "resolved": "github:NixOS/nixpkgs/a343533bccc62400e8a9560423486a3b6c11a23b#kind",
      "source": "devbox-search",
      "version": "0.22.0",
      "systems": {
        "aarch64-darwin": {
          "outputs": [
            {
              "name": "out",
              "path": "/nix/store/87yk9f9zqzl4q6cawsw78l9c872xk3zb-kind-0.22.0",
              "default": true
            }
          ],
          "store_path": "/nix/store/87yk9f9zqzl4q6cawsw78l9c872xk3zb-kind-0.22.0"
        },
        "aarch64-linux": {
          "outputs": [
            {
              "name": "out",
              "path": "/nix/store/hd04jgix5j5dj1grcgh9wwlz636243h6-kind-0.22.0",
              "default": true
            }
          ],
          "store_path": "/nix/store/hd04jgix5j5dj1grcgh9wwlz636243h6-kind-0.22.0"
        },
        "x86_64-darwin": {
          "outputs": [
            {
              "name": "out",
              "path": "/nix/store/114mq99ncln9x8h4mxpcjsflbh9qawxs-kind-0.22.0",
              "default": true
            }
          ],
          "store_path": "/nix/store/114mq99ncln9x8h4mxpcjsflbh9qawxs-kind-0.22.0"
        },
        "x86_64-linux": {
          "outputs": [
            {
              "name": "out",
              "path": "/nix/store/d0wmw2i217vak50q2h94wic5ipi11jir-kind-0.22.0",
              "default": true
            }
          ],
          "store_path": "/nix/store/d0wmw2i217vak50q2h94wic5ipi11jir-kind-0.22.0"
        }
      }
    },
    "kubectl-tree@0.4.3": {
      "last_modified": "2024-03-19T05:49:19Z",
      "resolved": "github:NixOS/nixpkgs/5710127d9693421e78cca4f74fac2db6d67162b1#kubectl-tree",
      "source": "devbox-search",
      "version": "0.4.3",
      "systems": {
        "aarch64-darwin": {
          "outputs": [
            {
              "name": "out",
              "path": "/nix/store/q88pv22brrrd8h1rsazq32nqd6n47zcp-kubectl-tree-0.4.3",
              "default": true
            }
          ],
          "store_path": "/nix/store/q88pv22brrrd8h1rsazq32nqd6n47zcp-kubectl-tree-0.4.3"
        },
        "aarch64-linux": {
          "outputs": [
            {
              "name": "out",
              "path": "/nix/store/mz9smrn8sv6020fzknymvfhdx6w9rzdv-kubectl-tree-0.4.3",
              "default": true
            }
          ],
          "store_path": "/nix/store/mz9smrn8sv6020fzknymvfhdx6w9rzdv-kubectl-tree-0.4.3"
        },
        "x86_64-darwin": {
          "outputs": [
            {
              "name": "out",
              "path": "/nix/store/mb0clffkqpxz8zlbpsbm8m5db9giww6p-kubectl-tree-0.4.3",
              "default": true
            }
          ],
          "store_path": "/nix/store/mb0clffkqpxz8zlbpsbm8m5db9giww6p-kubectl-tree-0.4.3"
        },
        "x86_64-linux": {
          "outputs": [
            {
              "name": "out",
              "path": "/nix/store/78zdgxv7688n7s4ap6vdicdi0y24f51a-kubectl-tree-0.4.3",
              "default": true
            }
          ],
          "store_path": "/nix/store/78zdgxv7688n7s4ap6vdicdi0y24f51a-kubectl-tree-0.4.3"
        }
      }
    },
    "kubectl@1.29.2": {
      "last_modified": "2024-03-08T13:51:52Z",
      "resolved": "github:NixOS/nixpkgs/a343533bccc62400e8a9560423486a3b6c11a23b#kubectl",
      "source": "devbox-search",
      "version": "1.29.2",
      "systems": {
        "aarch64-darwin": {
          "outputs": [
            {
              "name": "out",
              "path": "/nix/store/c8dddav5hcxhcnwxw82x09agprl8a3mx-kubectl-1.29.2",
              "default": true
            },
            {
              "name": "man",
              "path": "/nix/store/g62pv8vm57b019d5z02g0cybjajvnfx9-kubectl-1.29.2-man",
              "default": true
            },
            {
              "name": "convert",
              "path": "/nix/store/z5gnhab9yifnyj8fm4rgr0ndd484zfw4-kubectl-1.29.2-convert"
            }
          ],
          "store_path": "/nix/store/c8dddav5hcxhcnwxw82x09agprl8a3mx-kubectl-1.29.2"
        },
        "aarch64-linux": {
          "outputs": [
            {
              "name": "out",
              "path": "/nix/store/c5cj6828nzkp1xd3lq313zf4sw7aydsr-kubectl-1.29.2",
              "default": true
            },
            {
              "name": "man",
              "path": "/nix/store/xdmxyc91qjhkv3xxp8x0q1axkf81xb4c-kubectl-1.29.2-man",
              "default": true
            },
            {
              "name": "convert",
              "path": "/nix/store/r1dx5f7afvvld7lpcmwgc5wfjkn1s71b-kubectl-1.29.2-convert"
            }
          ],
          "store_path": "/nix/store/c5cj6828nzkp1xd3lq313zf4sw7aydsr-kubectl-1.29.2"
        },
        "x86_64-darwin": {
          "outputs": [
            {
              "name": "out",
              "path": "/nix/store/0ffymzkqk38gfhjpxin8n70cw0fqhlcw-kubectl-1.29.2",
              "default": true
            },
            {
              "name": "man",
              "path": "/nix/store/jh7451pv13fsppfmknnd0l4hg1clg8nj-kubectl-1.29.2-man",
              "default": true
            },
            {
              "name": "convert",
              "path": "/nix/store/q1rcb5nix4wrk9cgq8s5b83jb6ms4kci-kubectl-1.29.2-convert"
            }
          ],
          "store_path": "/nix/store/0ffymzkqk38gfhjpxin8n70cw0fqhlcw-kubectl-1.29.2"
        },
        "x86_64-linux": {
          "outputs": [
            {
              "name": "out",
              "path": "/nix/store/4gscw6jfa2xxa7z05pp977618jaxjlcn-kubectl-1.29.2",
              "default": true
            },
            {
              "name": "man",
              "path": "/nix/store/q6bbax3iij6y9ngn9ahli51s3v25y6vb-kubectl-1.29.2-man",
              "default": true
            },
            {
              "name": "convert",
              "path": "/nix/store/q563h2gy8va6q21r0qdjal87qpbd6mz8-kubectl-1.29.2-convert"
            }
          ],
          "store_path": "/nix/store/4gscw6jfa2xxa7z05pp977618jaxjlcn-kubectl-1.29.2"
        }
      }
    },
    "kubernetes-helm@3.14.3": {
      "last_modified": "2024-03-14T09:34:31Z",
      "resolved": "github:NixOS/nixpkgs/bd5ddf2c6bfafff031edf80221e1ee94e86ca10a#kubernetes-helm",
      "source": "devbox-search",
      "version": "3.14.3",
      "systems": {
        "aarch64-darwin": {
          "outputs": [
            {
              "name": "out",
              "path": "/nix/store/zy9621qww3klbwkffz2pp9kh3p0hdfs3-kubernetes-helm-3.14.3",
              "default": true
            }
          ],
          "store_path": "/nix/store/zy9621qww3klbwkffz2pp9kh3p0hdfs3-kubernetes-helm-3.14.3"
        },
        "aarch64-linux": {
          "outputs": [
            {
              "name": "out",
              "path": "/nix/store/ki8zl3ccm68ma3kyjcnzdgfh4wslr2l6-kubernetes-helm-3.14.3",
              "default": true
            }
          ],
          "store_path": "/nix/store/ki8zl3ccm68ma3kyjcnzdgfh4wslr2l6-kubernetes-helm-3.14.3"
        },
        "x86_64-darwin": {
          "outputs": [
            {
              "name": "out",
              "path": "/nix/store/l6d6j4q4af0dhmjha0c7d010f3hj16b6-kubernetes-helm-3.14.3",
              "default": true
            }
          ],
          "store_path": "/nix/store/l6d6j4q4af0dhmjha0c7d010f3hj16b6-kubernetes-helm-3.14.3"
        },
        "x86_64-linux": {
          "outputs": [
            {
              "name": "out",
              "path": "/nix/store/dnnm27a9s71pkgb7wjrdiw8gf9f7a003-kubernetes-helm-3.14.3",
              "default": true
            }
          ],
          "store_path": "/nix/store/dnnm27a9s71pkgb7wjrdiw8gf9f7a003-kubernetes-helm-3.14.3"
        }
      }
    },
    "viddy@0.4.0": {
      "last_modified": "2024-03-08T13:51:52Z",
      "resolved": "github:NixOS/nixpkgs/a343533bccc62400e8a9560423486a3b6c11a23b#viddy",
      "source": "devbox-search",
      "version": "0.4.0",
      "systems": {
        "aarch64-darwin": {
          "outputs": [
            {
              "name": "out",
              "path": "/nix/store/sb89v45ggyd99qjxqj2s95qhsfafgqi2-viddy-0.4.0",
              "default": true
            }
          ],
          "store_path": "/nix/store/sb89v45ggyd99qjxqj2s95qhsfafgqi2-viddy-0.4.0"
        },
        "aarch64-linux": {
          "outputs": [
            {
              "name": "out",
              "path": "/nix/store/q976lxf52y33qgizv4zmpjycaphg0zdq-viddy-0.4.0",
              "default": true
            }
          ],
          "store_path": "/nix/store/q976lxf52y33qgizv4zmpjycaphg0zdq-viddy-0.4.0"
        },
        "x86_64-darwin": {
          "outputs": [
            {
              "name": "out",
              "path": "/nix/store/h4pl2rpijhyacp2bij0zzz3ix1zjab0c-viddy-0.4.0",
              "default": true
            }
          ],
          "store_path": "/nix/store/h4pl2rpijhyacp2bij0zzz3ix1zjab0c-viddy-0.4.0"
        },
        "x86_64-linux": {
          "outputs": [
            {
              "name": "out",
              "path": "/nix/store/jvnvfnv0xkmgnfpx2zkn8n4fawz9v9ka-viddy-0.4.0",
              "default": true
            }
          ],
          "store_path": "/nix/store/jvnvfnv0xkmgnfpx2zkn8n4fawz9v9ka-viddy-0.4.0"
        }
      }
    },
    "yq-go@4.42.1": {
      "last_modified": "2024-03-08T13:51:52Z",
      "resolved": "github:NixOS/nixpkgs/a343533bccc62400e8a9560423486a3b6c11a23b#yq-go",
      "source": "devbox-search",
      "version": "4.42.1",
      "systems": {
        "aarch64-darwin": {
          "outputs": [
            {
              "name": "out",
              "path": "/nix/store/wxybasyxilp1qgpydqi6d7grkq8s8di7-yq-go-4.42.1",
              "default": true
            }
          ],
          "store_path": "/nix/store/wxybasyxilp1qgpydqi6d7grkq8s8di7-yq-go-4.42.1"
        },
        "aarch64-linux": {
          "outputs": [
            {
              "name": "out",
              "path": "/nix/store/6v31sfsyiyj60gbbmzkskppq9hswkir3-yq-go-4.42.1",
              "default": true
            }
          ],
          "store_path": "/nix/store/6v31sfsyiyj60gbbmzkskppq9hswkir3-yq-go-4.42.1"
        },
        "x86_64-darwin": {
          "outputs": [
            {
              "name": "out",
              "path": "/nix/store/mcg1ham25ffhpjl5zhldx4jf3wk7jrsz-yq-go-4.42.1",
              "default": true
            }
          ],
          "store_path": "/nix/store/mcg1ham25ffhpjl5zhldx4jf3wk7jrsz-yq-go-4.42.1"
        },
        "x86_64-linux": {
          "outputs": [
            {
              "name": "out",
              "path": "/nix/store/3k6mnwa7kfld61cmk4p1lkm0kl3ladlm-yq-go-4.42.1",
              "default": true
            }
          ],
          "store_path": "/nix/store/3k6mnwa7kfld61cmk4p1lkm0kl3ladlm-yq-go-4.42.1"
        }
      }
    }
  }
}
